
Microsoft Visual Studio Solution File, Format Version 12.00
# Visual Studio Express 15 for Windows Desktop
VisualStudioVersion = 15.0.28307.1209
MinimumVisualStudioVersion = 10.0.40219.1
Project("{FAE04EC0-301F-11D3-BF4B-00C04F79EFBC}") = "SWM-G_BasicMotionSample", "SWM-G_BasicMotionSample\SWM-G_BasicMotionSample.csproj", "{6F6A65D8-7CCC-4DC3-AFE1-84EA75CA895A}"
EndProject
Global
	GlobalSection(SolutionConfigurationPlatforms) = preSolution
		Debug|x64 = Debug|x64
		Debug|x86 = Debug|x86
		Release|x64 = Release|x64
		Release|x86 = Release|x86
	EndGlobalSection
	GlobalSection(ProjectConfigurationPlatforms) = postSolution
		{6F6A65D8-7CCC-4DC3-AFE1-84EA75CA895A}.Debug|x64.ActiveCfg = Debug|x64
		{6F6A65D8-7CCC-4DC3-AFE1-84EA75CA895A}.Debug|x64.Build.0 = Debug|x64
		{6F6A65D8-7CCC-4DC3-AFE1-84EA75CA895A}.Debug|x86.ActiveCfg = Debug|x86
		{6F6A65D8-7CCC-4DC3-AFE1-84EA75CA895A}.Debug|x86.Build.0 = Debug|x86
		{6F6A65D8-7CCC-4DC3-AFE1-84EA75CA895A}.Release|x64.ActiveCfg = Release|x64
		{6F6A65D8-7CCC-4DC3-AFE1-84EA75CA895A}.Release|x64.Build.0 = Release|x64
		{6F6A65D8-7CCC-4DC3-AFE1-84EA75CA895A}.Release|x86.ActiveCfg = Release|x86
		{6F6A65D8-7CCC-4DC3-AFE1-84EA75CA895A}.Release|x86.Build.0 = Release|x86
	EndGlobalSection
	GlobalSection(SolutionProperties) = preSolution
		HideSolutionNode = FALSE
	EndGlobalSection
	GlobalSection(ExtensibilityGlobals) = postSolution
		SolutionGuid = {694362ED-AE02-406E-83BC-4CEF3A02C6D5}
	EndGlobalSection
EndGlobal
